
Microsoft Visual Studio Solution File, Format Version 12.00
# Visual Studio Version 17
VisualStudioVersion = 17.3.32929.385
MinimumVisualStudioVersion = 10.0.40219.1
Project("{FAE04EC0-301F-11D3-BF4B-00C04F79EFBC}") = "GestaoComprasMVP", "GestaoComprasMVP.csproj", "{F26CDC05-5F37-4433-A7E6-FB47A73D851F}"
EndProject
Global
	GlobalSection(SolutionConfigurationPlatforms) = preSolution
		Debug|Any CPU = Debug|Any CPU
		Release|Any CPU = Release|Any CPU
	EndGlobalSection
	GlobalSection(ProjectConfigurationPlatforms) = postSolution
		{F26CDC05-5F37-4433-A7E6-FB47A73D851F}.Debug|Any CPU.ActiveCfg = Debug|Any CPU
		{F26CDC05-5F37-4433-A7E6-FB47A73D851F}.Debug|Any CPU.Build.0 = Debug|Any CPU
		{F26CDC05-5F37-4433-A7E6-FB47A73D851F}.Release|Any CPU.ActiveCfg = Release|Any CPU
		{F26CDC05-5F37-4433-A7E6-FB47A73D851F}.Release|Any CPU.Build.0 = Release|Any CPU
	EndGlobalSection
	GlobalSection(SolutionProperties) = preSolution
		HideSolutionNode = FALSE
	EndGlobalSection
	GlobalSection(ExtensibilityGlobals) = postSolution
		SolutionGuid = {90AEF662-98DF-4917-A067-BF624A1129C6}
	EndGlobalSection
EndGlobal
